
Microsoft Visual Studio Solution File, Format Version 12.00
# Visual Studio 15
VisualStudioVersion = 15.0.28307.438
MinimumVisualStudioVersion = 10.0.40219.1
Project("{FAE04EC0-301F-11D3-BF4B-00C04F79EFBC}") = "WebApplication2", "WebApplication2\WebApplication2.csproj", "{2CD5666D-AA46-4371-87BF-2F624138AFC9}"
EndProject
Global
	GlobalSection(SolutionConfigurationPlatforms) = preSolution
		Debug|Any CPU = Debug|Any CPU
		Release|Any CPU = Release|Any CPU
	EndGlobalSection
	GlobalSection(ProjectConfigurationPlatforms) = postSolution
		{2CD5666D-AA46-4371-87BF-2F624138AFC9}.Debug|Any CPU.ActiveCfg = Debug|Any CPU
		{2CD5666D-AA46-4371-87BF-2F624138AFC9}.Debug|Any CPU.Build.0 = Debug|Any CPU
		{2CD5666D-AA46-4371-87BF-2F624138AFC9}.Release|Any CPU.ActiveCfg = Release|Any CPU
		{2CD5666D-AA46-4371-87BF-2F624138AFC9}.Release|Any CPU.Build.0 = Release|Any CPU
	EndGlobalSection
	GlobalSection(SolutionProperties) = preSolution
		HideSolutionNode = FALSE
	EndGlobalSection
	GlobalSection(ExtensibilityGlobals) = postSolution
		SolutionGuid = {136CF971-413C-452D-89C2-DC9799A6C187}
	EndGlobalSection
EndGlobal
